
Microsoft Visual Studio Solution File, Format Version 12.00
# Visual Studio Version 17
VisualStudioVersion = 17.9.34616.47
MinimumVisualStudioVersion = 10.0.40219.1
Project("{8BC9CEB8-8B4A-11D0-8D11-00A0C91BC942}") = "Paradigmaoop2_lia", "Paradigmaoop2_lia\Paradigmaoop2_lia.vcxproj", "{31238892-B39D-4BFD-A607-3291BB1A2AC5}"
EndProject
Project("{8BC9CEB8-8B4A-11D0-8D11-00A0C91BC942}") = "NoOverriding_lia", "Overriding_lia\Overriding_lia.vcxproj", "{A9ADE8EE-9C38-4576-A585-79BC8AADE3EC}"
EndProject
Project("{8BC9CEB8-8B4A-11D0-8D11-00A0C91BC942}") = "NoPewarisan_lia", "NoPewarisan_lia\NoPewarisan_lia.vcxproj", "{F957A122-E323-4C87-8A87-2071D4E0E450}"
EndProject
Project("{8BC9CEB8-8B4A-11D0-8D11-00A0C91BC942}") = "enkapsulasi_lia", "enkapsulasi_lia\enkapsulasi_lia.vcxproj", "{4CEB222C-BDF2-4163-AEC6-57A58AAAAC69}"
EndProject
Project("{8BC9CEB8-8B4A-11D0-8D11-00A0C91BC942}") = "abstraksi_lia", "abstraksi_lia\abstraksi_lia.vcxproj", "{51AC77D1-253A-418B-BA49-9042BB899D0A}"
EndProject
Project("{8BC9CEB8-8B4A-11D0-8D11-00A0C91BC942}") = "Abstraksiheader_lia", "Abstraksiheader_lia\Abstraksiheader_lia.vcxproj", "{B2761E41-5265-4299-94E3-F3227767559F}"
EndProject
Project("{8BC9CEB8-8B4A-11D0-8D11-00A0C91BC942}") = "Multiwaris_lia", "Multiwaris_lia\Multiwaris_lia.vcxproj", "{B2C3A8E5-E64E-42B4-9C46-84AEB3654FE5}"
EndProject
Global
	GlobalSection(SolutionConfigurationPlatforms) = preSolution
		Debug|x64 = Debug|x64
		Debug|x86 = Debug|x86
		Release|x64 = Release|x64
		Release|x86 = Release|x86
	EndGlobalSection
	GlobalSection(ProjectConfigurationPlatforms) = postSolution
		{31238892-B39D-4BFD-A607-3291BB1A2AC5}.Debug|x64.ActiveCfg = Debug|x64
		{31238892-B39D-4BFD-A607-3291BB1A2AC5}.Debug|x64.Build.0 = Debug|x64
		{31238892-B39D-4BFD-A607-3291BB1A2AC5}.Debug|x86.ActiveCfg = Debug|Win32
		{31238892-B39D-4BFD-A607-3291BB1A2AC5}.Debug|x86.Build.0 = Debug|Win32
		{31238892-B39D-4BFD-A607-3291BB1A2AC5}.Release|x64.ActiveCfg = Release|x64
		{31238892-B39D-4BFD-A607-3291BB1A2AC5}.Release|x64.Build.0 = Release|x64
		{31238892-B39D-4BFD-A607-3291BB1A2AC5}.Release|x86.ActiveCfg = Release|Win32
		{31238892-B39D-4BFD-A607-3291BB1A2AC5}.Release|x86.Build.0 = Release|Win32
		{A9ADE8EE-9C38-4576-A585-79BC8AADE3EC}.Debug|x64.ActiveCfg = Debug|x64
		{A9ADE8EE-9C38-4576-A585-79BC8AADE3EC}.Debug|x64.Build.0 = Debug|x64
		{A9ADE8EE-9C38-4576-A585-79BC8AADE3EC}.Debug|x86.ActiveCfg = Debug|Win32
		{A9ADE8EE-9C38-4576-A585-79BC8AADE3EC}.Debug|x86.Build.0 = Debug|Win32
		{A9ADE8EE-9C38-4576-A585-79BC8AADE3EC}.Release|x64.ActiveCfg = Release|x64
		{A9ADE8EE-9C38-4576-A585-79BC8AADE3EC}.Release|x64.Build.0 = Release|x64
		{A9ADE8EE-9C38-4576-A585-79BC8AADE3EC}.Release|x86.ActiveCfg = Release|Win32
		{A9ADE8EE-9C38-4576-A585-79BC8AADE3EC}.Release|x86.Build.0 = Release|Win32
		{F957A122-E323-4C87-8A87-2071D4E0E450}.Debug|x64.ActiveCfg = Debug|x64
		{F957A122-E323-4C87-8A87-2071D4E0E450}.Debug|x64.Build.0 = Debug|x64
		{F957A122-E323-4C87-8A87-2071D4E0E450}.Debug|x86.ActiveCfg = Debug|Win32
		{F957A122-E323-4C87-8A87-2071D4E0E450}.Debug|x86.Build.0 = Debug|Win32
		{F957A122-E323-4C87-8A87-2071D4E0E450}.Release|x64.ActiveCfg = Release|x64
		{F957A122-E323-4C87-8A87-2071D4E0E450}.Release|x64.Build.0 = Release|x64
		{F957A122-E323-4C87-8A87-2071D4E0E450}.Release|x86.ActiveCfg = Release|Win32
		{F957A122-E323-4C87-8A87-2071D4E0E450}.Release|x86.Build.0 = Release|Win32
		{4CEB222C-BDF2-4163-AEC6-57A58AAAAC69}.Debug|x64.ActiveCfg = Debug|x64
		{4CEB222C-BDF2-4163-AEC6-57A58AAAAC69}.Debug|x64.Build.0 = Debug|x64
		{4CEB222C-BDF2-4163-AEC6-57A58AAAAC69}.Debug|x86.ActiveCfg = Debug|Win32
		{4CEB222C-BDF2-4163-AEC6-57A58AAAAC69}.Debug|x86.Build.0 = Debug|Win32
		{4CEB222C-BDF2-4163-AEC6-57A58AAAAC69}.Release|x64.ActiveCfg = Release|x64
		{4CEB222C-BDF2-4163-AEC6-57A58AAAAC69}.Release|x64.Build.0 = Release|x64
		{4CEB222C-BDF2-4163-AEC6-57A58AAAAC69}.Release|x86.ActiveCfg = Release|Win32
		{4CEB222C-BDF2-4163-AEC6-57A58AAAAC69}.Release|x86.Build.0 = Release|Win32
		{51AC77D1-253A-418B-BA49-9042BB899D0A}.Debug|x64.ActiveCfg = Debug|x64
		{51AC77D1-253A-418B-BA49-9042BB899D0A}.Debug|x64.Build.0 = Debug|x64
		{51AC77D1-253A-418B-BA49-9042BB899D0A}.Debug|x86.ActiveCfg = Debug|Win32
		{51AC77D1-253A-418B-BA49-9042BB899D0A}.Debug|x86.Build.0 = Debug|Win32
		{51AC77D1-253A-418B-BA49-9042BB899D0A}.Release|x64.ActiveCfg = Release|x64
		{51AC77D1-253A-418B-BA49-9042BB899D0A}.Release|x64.Build.0 = Release|x64
		{51AC77D1-253A-418B-BA49-9042BB899D0A}.Release|x86.ActiveCfg = Release|Win32
		{51AC77D1-253A-418B-BA49-9042BB899D0A}.Release|x86.Build.0 = Release|Win32
		{B2761E41-5265-4299-94E3-F3227767559F}.Debug|x64.ActiveCfg = Debug|x64
		{B2761E41-5265-4299-94E3-F3227767559F}.Debug|x64.Build.0 = Debug|x64
		{B2761E41-5265-4299-94E3-F3227767559F}.Debug|x86.ActiveCfg = Debug|Win32
		{B2761E41-5265-4299-94E3-F3227767559F}.Debug|x86.Build.0 = Debug|Win32
		{B2761E41-5265-4299-94E3-F3227767559F}.Release|x64.ActiveCfg = Release|x64
		{B2761E41-5265-4299-94E3-F3227767559F}.Release|x64.Build.0 = Release|x64
		{B2761E41-5265-4299-94E3-F3227767559F}.Release|x86.ActiveCfg = Release|Win32
		{B2761E41-5265-4299-94E3-F3227767559F}.Release|x86.Build.0 = Release|Win32
		{B2C3A8E5-E64E-42B4-9C46-84AEB3654FE5}.Debug|x64.ActiveCfg = Debug|x64
		{B2C3A8E5-E64E-42B4-9C46-84AEB3654FE5}.Debug|x64.Build.0 = Debug|x64
		{B2C3A8E5-E64E-42B4-9C46-84AEB3654FE5}.Debug|x86.ActiveCfg = Debug|Win32
		{B2C3A8E5-E64E-42B4-9C46-84AEB3654FE5}.Debug|x86.Build.0 = Debug|Win32
		{B2C3A8E5-E64E-42B4-9C46-84AEB3654FE5}.Release|x64.ActiveCfg = Release|x64
		{B2C3A8E5-E64E-42B4-9C46-84AEB3654FE5}.Release|x64.Build.0 = Release|x64
		{B2C3A8E5-E64E-42B4-9C46-84AEB3654FE5}.Release|x86.ActiveCfg = Release|Win32
		{B2C3A8E5-E64E-42B4-9C46-84AEB3654FE5}.Release|x86.Build.0 = Release|Win32
	EndGlobalSection
	GlobalSection(SolutionProperties) = preSolution
		HideSolutionNode = FALSE
	EndGlobalSection
	GlobalSection(ExtensibilityGlobals) = postSolution
		SolutionGuid = {511D687F-2313-460D-A210-AAE7FE2611D7}
	EndGlobalSection
EndGlobal
